// !$*UTF8*$!
{
	archiveVersion = 1;
	classes = {
	};
	objectVersion = 56;
	objects = {

/* Begin PBXBuildFile section */
		A0F96A1F2C216BDB000D2200 /* SSLPinningDemoApp.swift in Sources */ = {isa = PBXBuildFile; fileRef = A0F96A1E2C216BDB000D2200 /* SSLPinningDemoApp.swift */; };
		A0F96A212C216BDB000D2200 /* ContentView.swift in Sources */ = {isa = PBXBuildFile; fileRef = A0F96A202C216BDB000D2200 /* ContentView.swift */; };
		A0F96A232C216BDC000D2200 /* Assets.xcassets in Resources */ = {isa = PBXBuildFile; fileRef = A0F96A222C216BDC000D2200 /* Assets.xcassets */; };
		A0F96A262C216BDC000D2200 /* Preview Assets.xcassets in Resources */ = {isa = PBXBuildFile; fileRef = A0F96A252C216BDC000D2200 /* Preview Assets.xcassets */; };
		A0F96A2F2C217401000D2200 /* DashboardView.swift in Sources */ = {isa = PBXBuildFile; fileRef = A0F96A2E2C217401000D2200 /* DashboardView.swift */; };
		A0F96A332C217487000D2200 /* DashboardView+ViewModel.swift in Sources */ = {isa = PBXBuildFile; fileRef = A0F96A322C217487000D2200 /* DashboardView+ViewModel.swift */; };
		A0F96A362C217564000D2200 /* Quote.swift in Sources */ = {isa = PBXBuildFile; fileRef = A0F96A352C217564000D2200 /* Quote.swift */; };
		A0F96A3A2C217A4F000D2200 /* NetworkManager.swift in Sources */ = {isa = PBXBuildFile; fileRef = A0F96A392C217A4F000D2200 /* NetworkManager.swift */; };
		A0F96A3D2C217C95000D2200 /* APIError.swift in Sources */ = {isa = PBXBuildFile; fileRef = A0F96A3C2C217C95000D2200 /* APIError.swift */; };
		A0F96A3F2C217FA1000D2200 /* QuoteResponse.swift in Sources */ = {isa = PBXBuildFile; fileRef = A0F96A3E2C217FA1000D2200 /* QuoteResponse.swift */; };
		A0F96A432C218FD1000D2200 /* api.quotable.io.der in Resources */ = {isa = PBXBuildFile; fileRef = A0F96A422C2186DF000D2200 /* api.quotable.io.der */; };
		A0F96A452C219300000D2200 /* URLSessionNetworkManager.swift in Sources */ = {isa = PBXBuildFile; fileRef = A0F96A442C219300000D2200 /* URLSessionNetworkManager.swift */; };
		A0F96A492C21A5DD000D2200 /* AuthenticationMethod.swift in Sources */ = {isa = PBXBuildFile; fileRef = A0F96A482C21A5DD000D2200 /* AuthenticationMethod.swift */; };
/* End PBXBuildFile section */

/* Begin PBXFileReference section */
		A0F96A1B2C216BDB000D2200 /* SSLPinningDemo.app */ = {isa = PBXFileReference; explicitFileType = wrapper.application; includeInIndex = 0; path = SSLPinningDemo.app; sourceTree = BUILT_PRODUCTS_DIR; };
		A0F96A1E2C216BDB000D2200 /* SSLPinningDemoApp.swift */ = {isa = PBXFileReference; lastKnownFileType = sourcecode.swift; path = SSLPinningDemoApp.swift; sourceTree = "<group>"; };
		A0F96A202C216BDB000D2200 /* ContentView.swift */ = {isa = PBXFileReference; lastKnownFileType = sourcecode.swift; path = ContentView.swift; sourceTree = "<group>"; };
		A0F96A222C216BDC000D2200 /* Assets.xcassets */ = {isa = PBXFileReference; lastKnownFileType = folder.assetcatalog; path = Assets.xcassets; sourceTree = "<group>"; };
		A0F96A252C216BDC000D2200 /* Preview Assets.xcassets */ = {isa = PBXFileReference; lastKnownFileType = folder.assetcatalog; path = "Preview Assets.xcassets"; sourceTree = "<group>"; };
		A0F96A2E2C217401000D2200 /* DashboardView.swift */ = {isa = PBXFileReference; lastKnownFileType = sourcecode.swift; path = DashboardView.swift; sourceTree = "<group>"; };
		A0F96A322C217487000D2200 /* DashboardView+ViewModel.swift */ = {isa = PBXFileReference; lastKnownFileType = sourcecode.swift; path = "DashboardView+ViewModel.swift"; sourceTree = "<group>"; };
		A0F96A352C217564000D2200 /* Quote.swift */ = {isa = PBXFileReference; lastKnownFileType = sourcecode.swift; path = Quote.swift; sourceTree = "<group>"; };
		A0F96A392C217A4F000D2200 /* NetworkManager.swift */ = {isa = PBXFileReference; lastKnownFileType = sourcecode.swift; path = NetworkManager.swift; sourceTree = "<group>"; };
		A0F96A3C2C217C95000D2200 /* APIError.swift */ = {isa = PBXFileReference; lastKnownFileType = sourcecode.swift; path = APIError.swift; sourceTree = "<group>"; };
		A0F96A3E2C217FA1000D2200 /* QuoteResponse.swift */ = {isa = PBXFileReference; lastKnownFileType = sourcecode.swift; path = QuoteResponse.swift; sourceTree = "<group>"; };
		A0F96A422C2186DF000D2200 /* api.quotable.io.der */ = {isa = PBXFileReference; lastKnownFileType = file; path = api.quotable.io.der; sourceTree = "<group>"; };
		A0F96A442C219300000D2200 /* URLSessionNetworkManager.swift */ = {isa = PBXFileReference; lastKnownFileType = sourcecode.swift; path = URLSessionNetworkManager.swift; sourceTree = "<group>"; };
		A0F96A472C21A281000D2200 /* public_key_gen.sh */ = {isa = PBXFileReference; lastKnownFileType = text.script.sh; path = public_key_gen.sh; sourceTree = "<group>"; };
		A0F96A482C21A5DD000D2200 /* AuthenticationMethod.swift */ = {isa = PBXFileReference; lastKnownFileType = sourcecode.swift; path = AuthenticationMethod.swift; sourceTree = "<group>"; };
/* End PBXFileReference section */

/* Begin PBXFrameworksBuildPhase section */
		A0F96A182C216BDB000D2200 /* Frameworks */ = {
			isa = PBXFrameworksBuildPhase;
			buildActionMask = 2147483647;
			files = (
			);
			runOnlyForDeploymentPostprocessing = 0;
		};
/* End PBXFrameworksBuildPhase section */

/* Begin PBXGroup section */
		A0F96A122C216BDB000D2200 = {
			isa = PBXGroup;
			children = (
				A0F96A1D2C216BDB000D2200 /* SSLPinningDemo */,
				A0F96A1C2C216BDB000D2200 /* Products */,
			);
			sourceTree = "<group>";
		};
		A0F96A1C2C216BDB000D2200 /* Products */ = {
			isa = PBXGroup;
			children = (
				A0F96A1B2C216BDB000D2200 /* SSLPinningDemo.app */,
			);
			name = Products;
			sourceTree = "<group>";
		};
		A0F96A1D2C216BDB000D2200 /* SSLPinningDemo */ = {
			isa = PBXGroup;
			children = (
				A0F96A3B2C217C8B000D2200 /* Models */,
				A0F96A382C217A41000D2200 /* Network Layer */,
				A0F96A2C2C21712E000D2200 /* Scenes */,
				A0F96A402C2186AE000D2200 /* Resources */,
				A0F96A1E2C216BDB000D2200 /* SSLPinningDemoApp.swift */,
				A0F96A202C216BDB000D2200 /* ContentView.swift */,
				A0F96A242C216BDC000D2200 /* Preview Content */,
			);
			path = SSLPinningDemo;
			sourceTree = "<group>";
		};
		A0F96A242C216BDC000D2200 /* Preview Content */ = {
			isa = PBXGroup;
			children = (
				A0F96A252C216BDC000D2200 /* Preview Assets.xcassets */,
			);
			path = "Preview Content";
			sourceTree = "<group>";
		};
		A0F96A2C2C21712E000D2200 /* Scenes */ = {
			isa = PBXGroup;
			children = (
				A0F96A2D2C21713E000D2200 /* Dashboard */,
			);
			path = Scenes;
			sourceTree = "<group>";
		};
		A0F96A2D2C21713E000D2200 /* Dashboard */ = {
			isa = PBXGroup;
			children = (
				A0F96A372C2179F9000D2200 /* Models */,
				A0F96A342C217545000D2200 /* Subviews */,
				A0F96A312C217472000D2200 /* ViewModel */,
				A0F96A302C217469000D2200 /* View */,
			);
			path = Dashboard;
			sourceTree = "<group>";
		};
		A0F96A302C217469000D2200 /* View */ = {
			isa = PBXGroup;
			children = (
				A0F96A2E2C217401000D2200 /* DashboardView.swift */,
			);
			path = View;
			sourceTree = "<group>";
		};
		A0F96A312C217472000D2200 /* ViewModel */ = {
			isa = PBXGroup;
			children = (
				A0F96A322C217487000D2200 /* DashboardView+ViewModel.swift */,
			);
			path = ViewModel;
			sourceTree = "<group>";
		};
		A0F96A342C217545000D2200 /* Subviews */ = {
			isa = PBXGroup;
			children = (
				A0F96A352C217564000D2200 /* Quote.swift */,
			);
			path = Subviews;
			sourceTree = "<group>";
		};
		A0F96A372C2179F9000D2200 /* Models */ = {
			isa = PBXGroup;
			children = (
				A0F96A3E2C217FA1000D2200 /* QuoteResponse.swift */,
			);
			path = Models;
			sourceTree = "<group>";
		};
		A0F96A382C217A41000D2200 /* Network Layer */ = {
			isa = PBXGroup;
			children = (
				A0F96A392C217A4F000D2200 /* NetworkManager.swift */,
				A0F96A442C219300000D2200 /* URLSessionNetworkManager.swift */,
			);
			path = "Network Layer";
			sourceTree = "<group>";
		};
		A0F96A3B2C217C8B000D2200 /* Models */ = {
			isa = PBXGroup;
			children = (
				A0F96A3C2C217C95000D2200 /* APIError.swift */,
				A0F96A482C21A5DD000D2200 /* AuthenticationMethod.swift */,
			);
			path = Models;
			sourceTree = "<group>";
		};
		A0F96A402C2186AE000D2200 /* Resources */ = {
			isa = PBXGroup;
			children = (
				A0F96A412C2186C3000D2200 /* Certificates */,
				A0F96A222C216BDC000D2200 /* Assets.xcassets */,
				A0F96A472C21A281000D2200 /* public_key_gen.sh */,
			);
			path = Resources;
			sourceTree = "<group>";
		};
		A0F96A412C2186C3000D2200 /* Certificates */ = {
			isa = PBXGroup;
			children = (
				A0F96A422C2186DF000D2200 /* api.quotable.io.der */,
			);
			path = Certificates;
			sourceTree = "<group>";
		};
/* End PBXGroup section */

/* Begin PBXNativeTarget section */
		A0F96A1A2C216BDB000D2200 /* SSLPinningDemo */ = {
			isa = PBXNativeTarget;
			buildConfigurationList = A0F96A292C216BDC000D2200 /* Build configuration list for PBXNativeTarget "SSLPinningDemo" */;
			buildPhases = (
				A0F96A172C216BDB000D2200 /* Sources */,
				A0F96A182C216BDB000D2200 /* Frameworks */,
				A0F96A192C216BDB000D2200 /* Resources */,
			);
			buildRules = (
			);
			dependencies = (
			);
			name = SSLPinningDemo;
			productName = SSLPinningDemo;
			productReference = A0F96A1B2C216BDB000D2200 /* SSLPinningDemo.app */;
			productType = "com.apple.product-type.application";
		};
/* End PBXNativeTarget section */

/* Begin PBXProject section */
		A0F96A132C216BDB000D2200 /* Project object */ = {
			isa = PBXProject;
			attributes = {
				BuildIndependentTargetsInParallel = 1;
				LastSwiftUpdateCheck = 1530;
				LastUpgradeCheck = 1530;
				TargetAttributes = {
					A0F96A1A2C216BDB000D2200 = {
						CreatedOnToolsVersion = 15.3;
					};
				};
			};
			buildConfigurationList = A0F96A162C216BDB000D2200 /* Build configuration list for PBXProject "SSLPinningDemo" */;
			compatibilityVersion = "Xcode 14.0";
			developmentRegion = en;
			hasScannedForEncodings = 0;
			knownRegions = (
				en,
				Base,
			);
			mainGroup = A0F96A122C216BDB000D2200;
			productRefGroup = A0F96A1C2C216BDB000D2200 /* Products */;
			projectDirPath = "";
			projectRoot = "";
			targets = (
				A0F96A1A2C216BDB000D2200 /* SSLPinningDemo */,
			);
		};
/* End PBXProject section */

/* Begin PBXResourcesBuildPhase section */
		A0F96A192C216BDB000D2200 /* Resources */ = {
			isa = PBXResourcesBuildPhase;
			buildActionMask = 2147483647;
			files = (
				A0F96A432C218FD1000D2200 /* api.quotable.io.der in Resources */,
				A0F96A262C216BDC000D2200 /* Preview Assets.xcassets in Resources */,
				A0F96A232C216BDC000D2200 /* Assets.xcassets in Resources */,
			);
			runOnlyForDeploymentPostprocessing = 0;
		};
/* End PBXResourcesBuildPhase section */

/* Begin PBXSourcesBuildPhase section */
		A0F96A172C216BDB000D2200 /* Sources */ = {
			isa = PBXSourcesBuildPhase;
			buildActionMask = 2147483647;
			files = (
				A0F96A3A2C217A4F000D2200 /* NetworkManager.swift in Sources */,
				A0F96A452C219300000D2200 /* URLSessionNetworkManager.swift in Sources */,
				A0F96A212C216BDB000D2200 /* ContentView.swift in Sources */,
				A0F96A2F2C217401000D2200 /* DashboardView.swift in Sources */,
				A0F96A492C21A5DD000D2200 /* AuthenticationMethod.swift in Sources */,
				A0F96A3F2C217FA1000D2200 /* QuoteResponse.swift in Sources */,
				A0F96A332C217487000D2200 /* DashboardView+ViewModel.swift in Sources */,
				A0F96A362C217564000D2200 /* Quote.swift in Sources */,
				A0F96A1F2C216BDB000D2200 /* SSLPinningDemoApp.swift in Sources */,
				A0F96A3D2C217C95000D2200 /* APIError.swift in Sources */,
			);
			runOnlyForDeploymentPostprocessing = 0;
		};
/* End PBXSourcesBuildPhase section */

/* Begin XCBuildConfiguration section */
		A0F96A272C216BDC000D2200 /* Debug */ = {
			isa = XCBuildConfiguration;
			buildSettings = {
				ALWAYS_SEARCH_USER_PATHS = NO;
				ASSETCATALOG_COMPILER_GENERATE_SWIFT_ASSET_SYMBOL_EXTENSIONS = YES;
				CLANG_ANALYZER_NONNULL = YES;
				CLANG_ANALYZER_NUMBER_OBJECT_CONVERSION = YES_AGGRESSIVE;
				CLANG_CXX_LANGUAGE_STANDARD = "gnu++20";
				CLANG_ENABLE_MODULES = YES;
				CLANG_ENABLE_OBJC_ARC = YES;
				CLANG_ENABLE_OBJC_WEAK = YES;
				CLANG_WARN_BLOCK_CAPTURE_AUTORELEASING = YES;
				CLANG_WARN_BOOL_CONVERSION = YES;
				CLANG_WARN_COMMA = YES;
				CLANG_WARN_CONSTANT_CONVERSION = YES;
				CLANG_WARN_DEPRECATED_OBJC_IMPLEMENTATIONS = YES;
				CLANG_WARN_DIRECT_OBJC_ISA_USAGE = YES_ERROR;
				CLANG_WARN_DOCUMENTATION_COMMENTS = YES;
				CLANG_WARN_EMPTY_BODY = YES;
				CLANG_WARN_ENUM_CONVERSION = YES;
				CLANG_WARN_INFINITE_RECURSION = YES;
				CLANG_WARN_INT_CONVERSION = YES;
				CLANG_WARN_NON_LITERAL_NULL_CONVERSION = YES;
				CLANG_WARN_OBJC_IMPLICIT_RETAIN_SELF = YES;
				CLANG_WARN_OBJC_LITERAL_CONVERSION = YES;
				CLANG_WARN_OBJC_ROOT_CLASS = YES_ERROR;
				CLANG_WARN_QUOTED_INCLUDE_IN_FRAMEWORK_HEADER = YES;
				CLANG_WARN_RANGE_LOOP_ANALYSIS = YES;
				CLANG_WARN_STRICT_PROTOTYPES = YES;
				CLANG_WARN_SUSPICIOUS_MOVE = YES;
				CLANG_WARN_UNGUARDED_AVAILABILITY = YES_AGGRESSIVE;
				CLANG_WARN_UNREACHABLE_CODE = YES;
				CLANG_WARN__DUPLICATE_METHOD_MATCH = YES;
				COPY_PHASE_STRIP = NO;
				DEBUG_INFORMATION_FORMAT = dwarf;
				ENABLE_STRICT_OBJC_MSGSEND = YES;
				ENABLE_TESTABILITY = YES;
				ENABLE_USER_SCRIPT_SANDBOXING = YES;
				GCC_C_LANGUAGE_STANDARD = gnu17;
				GCC_DYNAMIC_NO_PIC = NO;
				GCC_NO_COMMON_BLOCKS = YES;
				GCC_OPTIMIZATION_LEVEL = 0;
				GCC_PREPROCESSOR_DEFINITIONS = (
					"DEBUG=1",
					"$(inherited)",
				);
				GCC_WARN_64_TO_32_BIT_CONVERSION = YES;
				GCC_WARN_ABOUT_RETURN_TYPE = YES_ERROR;
				GCC_WARN_UNDECLARED_SELECTOR = YES;
				GCC_WARN_UNINITIALIZED_AUTOS = YES_AGGRESSIVE;
				GCC_WARN_UNUSED_FUNCTION = YES;
				GCC_WARN_UNUSED_VARIABLE = YES;
				IPHONEOS_DEPLOYMENT_TARGET = 17.4;
				LOCALIZATION_PREFERS_STRING_CATALOGS = YES;
				MTL_ENABLE_DEBUG_INFO = INCLUDE_SOURCE;
				MTL_FAST_MATH = YES;
				ONLY_ACTIVE_ARCH = YES;
				SDKROOT = iphoneos;
				SWIFT_ACTIVE_COMPILATION_CONDITIONS = "DEBUG $(inherited)";
				SWIFT_OPTIMIZATION_LEVEL = "-Onone";
			};
			name = Debug;
		};
		A0F96A282C216BDC000D2200 /* Release */ = {
			isa = XCBuildConfiguration;
			buildSettings = {
				ALWAYS_SEARCH_USER_PATHS = NO;
				ASSETCATALOG_COMPILER_GENERATE_SWIFT_ASSET_SYMBOL_EXTENSIONS = YES;
				CLANG_ANALYZER_NONNULL = YES;
				CLANG_ANALYZER_NUMBER_OBJECT_CONVERSION = YES_AGGRESSIVE;
				CLANG_CXX_LANGUAGE_STANDARD = "gnu++20";
				CLANG_ENABLE_MODULES = YES;
				CLANG_ENABLE_OBJC_ARC = YES;
				CLANG_ENABLE_OBJC_WEAK = YES;
				CLANG_WARN_BLOCK_CAPTURE_AUTORELEASING = YES;
				CLANG_WARN_BOOL_CONVERSION = YES;
				CLANG_WARN_COMMA = YES;
				CLANG_WARN_CONSTANT_CONVERSION = YES;
				CLANG_WARN_DEPRECATED_OBJC_IMPLEMENTATIONS = YES;
				CLANG_WARN_DIRECT_OBJC_ISA_USAGE = YES_ERROR;
				CLANG_WARN_DOCUMENTATION_COMMENTS = YES;
				CLANG_WARN_EMPTY_BODY = YES;
				CLANG_WARN_ENUM_CONVERSION = YES;
				CLANG_WARN_INFINITE_RECURSION = YES;
				CLANG_WARN_INT_CONVERSION = YES;
				CLANG_WARN_NON_LITERAL_NULL_CONVERSION = YES;
				CLANG_WARN_OBJC_IMPLICIT_RETAIN_SELF = YES;
				CLANG_WARN_OBJC_LITERAL_CONVERSION = YES;
				CLANG_WARN_OBJC_ROOT_CLASS = YES_ERROR;
				CLANG_WARN_QUOTED_INCLUDE_IN_FRAMEWORK_HEADER = YES;
				CLANG_WARN_RANGE_LOOP_ANALYSIS = YES;
				CLANG_WARN_STRICT_PROTOTYPES = YES;
				CLANG_WARN_SUSPICIOUS_MOVE = YES;
				CLANG_WARN_UNGUARDED_AVAILABILITY = YES_AGGRESSIVE;
				CLANG_WARN_UNREACHABLE_CODE = YES;
				CLANG_WARN__DUPLICATE_METHOD_MATCH = YES;
				COPY_PHASE_STRIP = NO;
				DEBUG_INFORMATION_FORMAT = "dwarf-with-dsym";
				ENABLE_NS_ASSERTIONS = NO;
				ENABLE_STRICT_OBJC_MSGSEND = YES;
				ENABLE_USER_SCRIPT_SANDBOXING = YES;
				GCC_C_LANGUAGE_STANDARD = gnu17;
				GCC_NO_COMMON_BLOCKS = YES;
				GCC_WARN_64_TO_32_BIT_CONVERSION = YES;
				GCC_WARN_ABOUT_RETURN_TYPE = YES_ERROR;
				GCC_WARN_UNDECLARED_SELECTOR = YES;
				GCC_WARN_UNINITIALIZED_AUTOS = YES_AGGRESSIVE;
				GCC_WARN_UNUSED_FUNCTION = YES;
				GCC_WARN_UNUSED_VARIABLE = YES;
				IPHONEOS_DEPLOYMENT_TARGET = 17.4;
				LOCALIZATION_PREFERS_STRING_CATALOGS = YES;
				MTL_ENABLE_DEBUG_INFO = NO;
				MTL_FAST_MATH = YES;
				SDKROOT = iphoneos;
				SWIFT_COMPILATION_MODE = wholemodule;
				VALIDATE_PRODUCT = YES;
			};
			name = Release;
		};
		A0F96A2A2C216BDC000D2200 /* Debug */ = {
			isa = XCBuildConfiguration;
			buildSettings = {
				ASSETCATALOG_COMPILER_APPICON_NAME = AppIcon;
				ASSETCATALOG_COMPILER_GLOBAL_ACCENT_COLOR_NAME = AccentColor;
				CODE_SIGN_STYLE = Automatic;
				CURRENT_PROJECT_VERSION = 1;
				DEVELOPMENT_ASSET_PATHS = "\"SSLPinningDemo/Preview Content\"";
				ENABLE_PREVIEWS = YES;
				GENERATE_INFOPLIST_FILE = YES;
				INFOPLIST_KEY_UIApplicationSceneManifest_Generation = YES;
				INFOPLIST_KEY_UIApplicationSupportsIndirectInputEvents = YES;
				INFOPLIST_KEY_UILaunchScreen_Generation = YES;
				INFOPLIST_KEY_UISupportedInterfaceOrientations_iPad = "UIInterfaceOrientationPortrait UIInterfaceOrientationPortraitUpsideDown UIInterfaceOrientationLandscapeLeft UIInterfaceOrientationLandscapeRight";
				INFOPLIST_KEY_UISupportedInterfaceOrientations_iPhone = "UIInterfaceOrientationPortrait UIInterfaceOrientationLandscapeLeft UIInterfaceOrientationLandscapeRight";
				LD_RUNPATH_SEARCH_PATHS = (
					"$(inherited)",
					"@executable_path/Frameworks",
				);
				MARKETING_VERSION = 1.0;
				PRODUCT_BUNDLE_IDENTIFIER = com.simform.SSLPinningDemo;
				PRODUCT_NAME = "$(TARGET_NAME)";
				SWIFT_EMIT_LOC_STRINGS = YES;
				SWIFT_VERSION = 5.0;
				TARGETED_DEVICE_FAMILY = "1,2";
			};
			name = Debug;
		};
		A0F96A2B2C216BDC000D2200 /* Release */ = {
			isa = XCBuildConfiguration;
			buildSettings = {
				ASSETCATALOG_COMPILER_APPICON_NAME = AppIcon;
				ASSETCATALOG_COMPILER_GLOBAL_ACCENT_COLOR_NAME = AccentColor;
				CODE_SIGN_STYLE = Automatic;
				CURRENT_PROJECT_VERSION = 1;
				DEVELOPMENT_ASSET_PATHS = "\"SSLPinningDemo/Preview Content\"";
				ENABLE_PREVIEWS = YES;
				GENERATE_INFOPLIST_FILE = YES;
				INFOPLIST_KEY_UIApplicationSceneManifest_Generation = YES;
				INFOPLIST_KEY_UIApplicationSupportsIndirectInputEvents = YES;
				INFOPLIST_KEY_UILaunchScreen_Generation = YES;
				INFOPLIST_KEY_UISupportedInterfaceOrientations_iPad = "UIInterfaceOrientationPortrait UIInterfaceOrientationPortraitUpsideDown UIInterfaceOrientationLandscapeLeft UIInterfaceOrientationLandscapeRight";
				INFOPLIST_KEY_UISupportedInterfaceOrientations_iPhone = "UIInterfaceOrientationPortrait UIInterfaceOrientationLandscapeLeft UIInterfaceOrientationLandscapeRight";
				LD_RUNPATH_SEARCH_PATHS = (
					"$(inherited)",
					"@executable_path/Frameworks",
				);
				MARKETING_VERSION = 1.0;
				PRODUCT_BUNDLE_IDENTIFIER = com.simform.SSLPinningDemo;
				PRODUCT_NAME = "$(TARGET_NAME)";
				SWIFT_EMIT_LOC_STRINGS = YES;
				SWIFT_VERSION = 5.0;
				TARGETED_DEVICE_FAMILY = "1,2";
			};
			name = Release;
		};
/* End XCBuildConfiguration section */

/* Begin XCConfigurationList section */
		A0F96A162C216BDB000D2200 /* Build configuration list for PBXProject "SSLPinningDemo" */ = {
			isa = XCConfigurationList;
			buildConfigurations = (
				A0F96A272C216BDC000D2200 /* Debug */,
				A0F96A282C216BDC000D2200 /* Release */,
			);
			defaultConfigurationIsVisible = 0;
			defaultConfigurationName = Release;
		};
		A0F96A292C216BDC000D2200 /* Build configuration list for PBXNativeTarget "SSLPinningDemo" */ = {
			isa = XCConfigurationList;
			buildConfigurations = (
				A0F96A2A2C216BDC000D2200 /* Debug */,
				A0F96A2B2C216BDC000D2200 /* Release */,
			);
			defaultConfigurationIsVisible = 0;
			defaultConfigurationName = Release;
		};
/* End XCConfigurationList section */
	};
	rootObject = A0F96A132C216BDB000D2200 /* Project object */;
}
